
Microsoft Visual Studio Solution File, Format Version 12.00
# Visual Studio Version 16
VisualStudioVersion = 16.0.31424.327
MinimumVisualStudioVersion = 10.0.40219.1
Project("{FAE04EC0-301F-11D3-BF4B-00C04F79EFBC}") = "Cypher", "Cypher\Cypher.csproj", "{EF5B7F73-3B79-49D7-B3F0-57F6C2425B01}"
EndProject
Global
	GlobalSection(SolutionConfigurationPlatforms) = preSolution
		Debug|Any CPU = Debug|Any CPU
		Release|Any CPU = Release|Any CPU
	EndGlobalSection
	GlobalSection(ProjectConfigurationPlatforms) = postSolution
		{EF5B7F73-3B79-49D7-B3F0-57F6C2425B01}.Debug|Any CPU.ActiveCfg = Debug|Any CPU
		{EF5B7F73-3B79-49D7-B3F0-57F6C2425B01}.Debug|Any CPU.Build.0 = Debug|Any CPU
		{EF5B7F73-3B79-49D7-B3F0-57F6C2425B01}.Release|Any CPU.ActiveCfg = Release|Any CPU
		{EF5B7F73-3B79-49D7-B3F0-57F6C2425B01}.Release|Any CPU.Build.0 = Release|Any CPU
	EndGlobalSection
	GlobalSection(SolutionProperties) = preSolution
		HideSolutionNode = FALSE
	EndGlobalSection
	GlobalSection(ExtensibilityGlobals) = postSolution
		SolutionGuid = {D37646FB-9D37-486F-9275-8AB5E32CCEB5}
	EndGlobalSection
EndGlobal
