
Microsoft Visual Studio Solution File, Format Version 12.00
# Visual Studio Version 16
VisualStudioVersion = 16.0.31424.327
MinimumVisualStudioVersion = 10.0.40219.1
Project("{FAE04EC0-301F-11D3-BF4B-00C04F79EFBC}") = "Lab№1_Circles", "Lab№1_Circles\Lab№1_Circles.csproj", "{EB9C06F6-7871-4446-AA58-37685E6DE75A}"
EndProject
Global
	GlobalSection(SolutionConfigurationPlatforms) = preSolution
		Debug|Any CPU = Debug|Any CPU
		Release|Any CPU = Release|Any CPU
	EndGlobalSection
	GlobalSection(ProjectConfigurationPlatforms) = postSolution
		{EB9C06F6-7871-4446-AA58-37685E6DE75A}.Debug|Any CPU.ActiveCfg = Debug|Any CPU
		{EB9C06F6-7871-4446-AA58-37685E6DE75A}.Debug|Any CPU.Build.0 = Debug|Any CPU
		{EB9C06F6-7871-4446-AA58-37685E6DE75A}.Release|Any CPU.ActiveCfg = Release|Any CPU
		{EB9C06F6-7871-4446-AA58-37685E6DE75A}.Release|Any CPU.Build.0 = Release|Any CPU
	EndGlobalSection
	GlobalSection(SolutionProperties) = preSolution
		HideSolutionNode = FALSE
	EndGlobalSection
	GlobalSection(ExtensibilityGlobals) = postSolution
		SolutionGuid = {7F82583F-E1A4-4ECA-963F-56D1B311DA35}
	EndGlobalSection
EndGlobal
